// !$*UTF8*$!
{
	archiveVersion = 1;
	classes = {
	};
	objectVersion = 46;
	objects = {

/* Begin PBXBuildFile section */
		8D22D2C31F4D11DD00A27597 /* ImagePlacement.swift in Sources */ = {isa = PBXBuildFile; fileRef = 8D22D2C21F4D11DD00A27597 /* ImagePlacement.swift */; };
		8DBF988B1F4AB7F800EDA87C /* AppDelegate.swift in Sources */ = {isa = PBXBuildFile; fileRef = 8DBF988A1F4AB7F800EDA87C /* AppDelegate.swift */; };
		8DBF988D1F4AB7F800EDA87C /* ViewController.swift in Sources */ = {isa = PBXBuildFile; fileRef = 8DBF988C1F4AB7F800EDA87C /* ViewController.swift */; };
		8DBF98901F4AB7F800EDA87C /* Main.storyboard in Resources */ = {isa = PBXBuildFile; fileRef = 8DBF988E1F4AB7F800EDA87C /* Main.storyboard */; };
		8DBF98921F4AB7F800EDA87C /* Assets.xcassets in Resources */ = {isa = PBXBuildFile; fileRef = 8DBF98911F4AB7F800EDA87C /* Assets.xcassets */; };
		8DBF98951F4AB7F800EDA87C /* LaunchScreen.storyboard in Resources */ = {isa = PBXBuildFile; fileRef = 8DBF98931F4AB7F800EDA87C /* LaunchScreen.storyboard */; };
		8DBF98A01F4AB7F800EDA87C /* testTests.swift in Sources */ = {isa = PBXBuildFile; fileRef = 8DBF989F1F4AB7F800EDA87C /* testTests.swift */; };
/* End PBXBuildFile section */

/* Begin PBXContainerItemProxy section */
		8D22D2F91F4D30A100A27597 /* PBXContainerItemProxy */ = {
			isa = PBXContainerItemProxy;
			containerPortal = 8D22D2F41F4D309F00A27597 /* sdfsd.xcodeproj */;
			proxyType = 2;
			remoteGlobalIDString = 8D22D2CD1F4D309F00A27597;
			remoteInfo = sdfsd;
		};
		8D22D2FB1F4D30A100A27597 /* PBXContainerItemProxy */ = {
			isa = PBXContainerItemProxy;
			containerPortal = 8D22D2F41F4D309F00A27597 /* sdfsd.xcodeproj */;
			proxyType = 2;
			remoteGlobalIDString = 8D22D2E51F4D309F00A27597;
			remoteInfo = sdfsdTests;
		};
		8DBF989C1F4AB7F800EDA87C /* PBXContainerItemProxy */ = {
			isa = PBXContainerItemProxy;
			containerPortal = 8DBF987F1F4AB7F800EDA87C /* Project object */;
			proxyType = 1;
			remoteGlobalIDString = 8DBF98861F4AB7F800EDA87C;
			remoteInfo = test;
		};
/* End PBXContainerItemProxy section */

/* Begin PBXFileReference section */
		8D22D2C21F4D11DD00A27597 /* ImagePlacement.swift */ = {isa = PBXFileReference; fileEncoding = 4; lastKnownFileType = sourcecode.swift; path = ImagePlacement.swift; sourceTree = "<group>"; };
		8D22D2F41F4D309F00A27597 /* sdfsd.xcodeproj */ = {isa = PBXFileReference; lastKnownFileType = "wrapper.pb-project"; name = sdfsd.xcodeproj; path = sdfsd/sdfsd.xcodeproj; sourceTree = "<group>"; };
		8DBF98871F4AB7F800EDA87C /* test.app */ = {isa = PBXFileReference; explicitFileType = wrapper.application; includeInIndex = 0; path = test.app; sourceTree = BUILT_PRODUCTS_DIR; };
		8DBF988A1F4AB7F800EDA87C /* AppDelegate.swift */ = {isa = PBXFileReference; lastKnownFileType = sourcecode.swift; path = AppDelegate.swift; sourceTree = "<group>"; };
		8DBF988C1F4AB7F800EDA87C /* ViewController.swift */ = {isa = PBXFileReference; lastKnownFileType = sourcecode.swift; path = ViewController.swift; sourceTree = "<group>"; };
		8DBF988F1F4AB7F800EDA87C /* Base */ = {isa = PBXFileReference; lastKnownFileType = file.storyboard; name = Base; path = Base.lproj/Main.storyboard; sourceTree = "<group>"; };
		8DBF98911F4AB7F800EDA87C /* Assets.xcassets */ = {isa = PBXFileReference; lastKnownFileType = folder.assetcatalog; path = Assets.xcassets; sourceTree = "<group>"; };
		8DBF98941F4AB7F800EDA87C /* Base */ = {isa = PBXFileReference; lastKnownFileType = file.storyboard; name = Base; path = Base.lproj/LaunchScreen.storyboard; sourceTree = "<group>"; };
		8DBF98961F4AB7F800EDA87C /* Info.plist */ = {isa = PBXFileReference; lastKnownFileType = text.plist.xml; path = Info.plist; sourceTree = "<group>"; };
		8DBF989B1F4AB7F800EDA87C /* testTests.xctest */ = {isa = PBXFileReference; explicitFileType = wrapper.cfbundle; includeInIndex = 0; path = testTests.xctest; sourceTree = BUILT_PRODUCTS_DIR; };
		8DBF989F1F4AB7F800EDA87C /* testTests.swift */ = {isa = PBXFileReference; lastKnownFileType = sourcecode.swift; path = testTests.swift; sourceTree = "<group>"; };
		8DBF98A11F4AB7F800EDA87C /* Info.plist */ = {isa = PBXFileReference; lastKnownFileType = text.plist.xml; path = Info.plist; sourceTree = "<group>"; };
/* End PBXFileReference section */

/* Begin PBXFrameworksBuildPhase section */
		8DBF98841F4AB7F800EDA87C /* Frameworks */ = {
			isa = PBXFrameworksBuildPhase;
			buildActionMask = 2147483647;
			files = (
			);
			runOnlyForDeploymentPostprocessing = 0;
		};
		8DBF98981F4AB7F800EDA87C /* Frameworks */ = {
			isa = PBXFrameworksBuildPhase;
			buildActionMask = 2147483647;
			files = (
			);
			runOnlyForDeploymentPostprocessing = 0;
		};
/* End PBXFrameworksBuildPhase section */

/* Begin PBXGroup section */
		8D22D2F51F4D309F00A27597 /* Products */ = {
			isa = PBXGroup;
			children = (
				8D22D2FA1F4D30A100A27597 /* sdfsd.app */,
				8D22D2FC1F4D30A100A27597 /* sdfsdTests.xctest */,
			);
			name = Products;
			sourceTree = "<group>";
		};
		8DBF987E1F4AB7F800EDA87C = {
			isa = PBXGroup;
			children = (
				8D22D2F41F4D309F00A27597 /* sdfsd.xcodeproj */,
				8DBF98891F4AB7F800EDA87C /* test */,
				8DBF989E1F4AB7F800EDA87C /* testTests */,
				8DBF98881F4AB7F800EDA87C /* Products */,
			);
			sourceTree = "<group>";
		};
		8DBF98881F4AB7F800EDA87C /* Products */ = {
			isa = PBXGroup;
			children = (
				8DBF98871F4AB7F800EDA87C /* test.app */,
				8DBF989B1F4AB7F800EDA87C /* testTests.xctest */,
			);
			name = Products;
			sourceTree = "<group>";
		};
		8DBF98891F4AB7F800EDA87C /* test */ = {
			isa = PBXGroup;
			children = (
				8DBF988A1F4AB7F800EDA87C /* AppDelegate.swift */,
				8DBF988C1F4AB7F800EDA87C /* ViewController.swift */,
				8DBF988E1F4AB7F800EDA87C /* Main.storyboard */,
				8DBF98911F4AB7F800EDA87C /* Assets.xcassets */,
				8DBF98931F4AB7F800EDA87C /* LaunchScreen.storyboard */,
				8DBF98961F4AB7F800EDA87C /* Info.plist */,
				8D22D2C21F4D11DD00A27597 /* ImagePlacement.swift */,
			);
			path = test;
			sourceTree = "<group>";
		};
		8DBF989E1F4AB7F800EDA87C /* testTests */ = {
			isa = PBXGroup;
			children = (
				8DBF989F1F4AB7F800EDA87C /* testTests.swift */,
				8DBF98A11F4AB7F800EDA87C /* Info.plist */,
			);
			path = testTests;
			sourceTree = "<group>";
		};
/* End PBXGroup section */

/* Begin PBXNativeTarget section */
		8DBF98861F4AB7F800EDA87C /* test */ = {
			isa = PBXNativeTarget;
			buildConfigurationList = 8DBF98A41F4AB7F800EDA87C /* Build configuration list for PBXNativeTarget "test" */;
			buildPhases = (
				8DBF98831F4AB7F800EDA87C /* Sources */,
				8DBF98841F4AB7F800EDA87C /* Frameworks */,
				8DBF98851F4AB7F800EDA87C /* Resources */,
			);
			buildRules = (
			);
			dependencies = (
			);
			name = test;
			productName = test;
			productReference = 8DBF98871F4AB7F800EDA87C /* test.app */;
			productType = "com.apple.product-type.application";
		};
		8DBF989A1F4AB7F800EDA87C /* testTests */ = {
			isa = PBXNativeTarget;
			buildConfigurationList = 8DBF98A71F4AB7F800EDA87C /* Build configuration list for PBXNativeTarget "testTests" */;
			buildPhases = (
				8DBF98971F4AB7F800EDA87C /* Sources */,
				8DBF98981F4AB7F800EDA87C /* Frameworks */,
				8DBF98991F4AB7F800EDA87C /* Resources */,
			);
			buildRules = (
			);
			dependencies = (
				8DBF989D1F4AB7F800EDA87C /* PBXTargetDependency */,
			);
			name = testTests;
			productName = testTests;
			productReference = 8DBF989B1F4AB7F800EDA87C /* testTests.xctest */;
			productType = "com.apple.product-type.bundle.unit-test";
		};
/* End PBXNativeTarget section */

/* Begin PBXProject section */
		8DBF987F1F4AB7F800EDA87C /* Project object */ = {
			isa = PBXProject;
			attributes = {
				LastSwiftUpdateCheck = 0830;
				LastUpgradeCheck = 0830;
				ORGANIZATIONNAME = "Jack Ye";
				TargetAttributes = {
					8DBF98861F4AB7F800EDA87C = {
						CreatedOnToolsVersion = 8.3.3;
						DevelopmentTeam = 2UWXRNBC4J;
						ProvisioningStyle = Automatic;
					};
					8DBF989A1F4AB7F800EDA87C = {
						CreatedOnToolsVersion = 8.3.3;
						ProvisioningStyle = Automatic;
						TestTargetID = 8DBF98861F4AB7F800EDA87C;
					};
				};
			};
			buildConfigurationList = 8DBF98821F4AB7F800EDA87C /* Build configuration list for PBXProject "test" */;
			compatibilityVersion = "Xcode 3.2";
			developmentRegion = English;
			hasScannedForEncodings = 0;
			knownRegions = (
				en,
				Base,
			);
			mainGroup = 8DBF987E1F4AB7F800EDA87C;
			productRefGroup = 8DBF98881F4AB7F800EDA87C /* Products */;
			projectDirPath = "";
			projectReferences = (
				{
					ProductGroup = 8D22D2F51F4D309F00A27597 /* Products */;
					ProjectRef = 8D22D2F41F4D309F00A27597 /* sdfsd.xcodeproj */;
				},
			);
			projectRoot = "";
			targets = (
				8DBF98861F4AB7F800EDA87C /* test */,
				8DBF989A1F4AB7F800EDA87C /* testTests */,
			);
		};
/* End PBXProject section */

/* Begin PBXReferenceProxy section */
		8D22D2FA1F4D30A100A27597 /* sdfsd.app */ = {
			isa = PBXReferenceProxy;
			fileType = wrapper.application;
			path = sdfsd.app;
			remoteRef = 8D22D2F91F4D30A100A27597 /* PBXContainerItemProxy */;
			sourceTree = BUILT_PRODUCTS_DIR;
		};
		8D22D2FC1F4D30A100A27597 /* sdfsdTests.xctest */ = {
			isa = PBXReferenceProxy;
			fileType = wrapper.cfbundle;
			path = sdfsdTests.xctest;
			remoteRef = 8D22D2FB1F4D30A100A27597 /* PBXContainerItemProxy */;
			sourceTree = BUILT_PRODUCTS_DIR;
		};
/* End PBXReferenceProxy section */

/* Begin PBXResourcesBuildPhase section */
		8DBF98851F4AB7F800EDA87C /* Resources */ = {
			isa = PBXResourcesBuildPhase;
			buildActionMask = 2147483647;
			files = (
				8DBF98951F4AB7F800EDA87C /* LaunchScreen.storyboard in Resources */,
				8DBF98921F4AB7F800EDA87C /* Assets.xcassets in Resources */,
				8DBF98901F4AB7F800EDA87C /* Main.storyboard in Resources */,
			);
			runOnlyForDeploymentPostprocessing = 0;
		};
		8DBF98991F4AB7F800EDA87C /* Resources */ = {
			isa = PBXResourcesBuildPhase;
			buildActionMask = 2147483647;
			files = (
			);
			runOnlyForDeploymentPostprocessing = 0;
		};
/* End PBXResourcesBuildPhase section */

/* Begin PBXSourcesBuildPhase section */
		8DBF98831F4AB7F800EDA87C /* Sources */ = {
			isa = PBXSourcesBuildPhase;
			buildActionMask = 2147483647;
			files = (
				8D22D2C31F4D11DD00A27597 /* ImagePlacement.swift in Sources */,
				8DBF988D1F4AB7F800EDA87C /* ViewController.swift in Sources */,
				8DBF988B1F4AB7F800EDA87C /* AppDelegate.swift in Sources */,
			);
			runOnlyForDeploymentPostprocessing = 0;
		};
		8DBF98971F4AB7F800EDA87C /* Sources */ = {
			isa = PBXSourcesBuildPhase;
			buildActionMask = 2147483647;
			files = (
				8DBF98A01F4AB7F800EDA87C /* testTests.swift in Sources */,
			);
			runOnlyForDeploymentPostprocessing = 0;
		};
/* End PBXSourcesBuildPhase section */

/* Begin PBXTargetDependency section */
		8DBF989D1F4AB7F800EDA87C /* PBXTargetDependency */ = {
			isa = PBXTargetDependency;
			target = 8DBF98861F4AB7F800EDA87C /* test */;
			targetProxy = 8DBF989C1F4AB7F800EDA87C /* PBXContainerItemProxy */;
		};
/* End PBXTargetDependency section */

/* Begin PBXVariantGroup section */
		8DBF988E1F4AB7F800EDA87C /* Main.storyboard */ = {
			isa = PBXVariantGroup;
			children = (
				8DBF988F1F4AB7F800EDA87C /* Base */,
			);
			name = Main.storyboard;
			sourceTree = "<group>";
		};
		8DBF98931F4AB7F800EDA87C /* LaunchScreen.storyboard */ = {
			isa = PBXVariantGroup;
			children = (
				8DBF98941F4AB7F800EDA87C /* Base */,
			);
			name = LaunchScreen.storyboard;
			sourceTree = "<group>";
		};
/* End PBXVariantGroup section */

/* Begin XCBuildConfiguration section */
		8DBF98A21F4AB7F800EDA87C /* Debug */ = {
			isa = XCBuildConfiguration;
			buildSettings = {
				ALWAYS_SEARCH_USER_PATHS = NO;
				CLANG_ANALYZER_NONNULL = YES;
				CLANG_ANALYZER_NUMBER_OBJECT_CONVERSION = YES_AGGRESSIVE;
				CLANG_CXX_LANGUAGE_STANDARD = "gnu++0x";
				CLANG_CXX_LIBRARY = "libc++";
				CLANG_ENABLE_MODULES = YES;
				CLANG_ENABLE_OBJC_ARC = YES;
				CLANG_WARN_BOOL_CONVERSION = YES;
				CLANG_WARN_CONSTANT_CONVERSION = YES;
				CLANG_WARN_DIRECT_OBJC_ISA_USAGE = YES_ERROR;
				CLANG_WARN_DOCUMENTATION_COMMENTS = YES;
				CLANG_WARN_EMPTY_BODY = YES;
				CLANG_WARN_ENUM_CONVERSION = YES;
				CLANG_WARN_INFINITE_RECURSION = YES;
				CLANG_WARN_INT_CONVERSION = YES;
				CLANG_WARN_OBJC_ROOT_CLASS = YES_ERROR;
				CLANG_WARN_SUSPICIOUS_MOVE = YES;
				CLANG_WARN_UNREACHABLE_CODE = YES;
				CLANG_WARN__DUPLICATE_METHOD_MATCH = YES;
				"CODE_SIGN_IDENTITY[sdk=iphoneos*]" = "iPhone Developer";
				COPY_PHASE_STRIP = NO;
				DEBUG_INFORMATION_FORMAT = dwarf;
				ENABLE_STRICT_OBJC_MSGSEND = YES;
				ENABLE_TESTABILITY = YES;
				GCC_C_LANGUAGE_STANDARD = gnu99;
				GCC_DYNAMIC_NO_PIC = NO;
				GCC_NO_COMMON_BLOCKS = YES;
				GCC_OPTIMIZATION_LEVEL = 0;
				GCC_PREPROCESSOR_DEFINITIONS = (
					"DEBUG=1",
					"$(inherited)",
				);
				GCC_WARN_64_TO_32_BIT_CONVERSION = YES;
				GCC_WARN_ABOUT_RETURN_TYPE = YES_ERROR;
				GCC_WARN_UNDECLARED_SELECTOR = YES;
				GCC_WARN_UNINITIALIZED_AUTOS = YES_AGGRESSIVE;
				GCC_WARN_UNUSED_FUNCTION = YES;
				GCC_WARN_UNUSED_VARIABLE = YES;
				IPHONEOS_DEPLOYMENT_TARGET = 10.3;
				MTL_ENABLE_DEBUG_INFO = YES;
				ONLY_ACTIVE_ARCH = YES;
				SDKROOT = iphoneos;
				SWIFT_ACTIVE_COMPILATION_CONDITIONS = DEBUG;
				SWIFT_OPTIMIZATION_LEVEL = "-Onone";
				TARGETED_DEVICE_FAMILY = "1,2";
			};
			name = Debug;
		};
		8DBF98A31F4AB7F800EDA87C /* Release */ = {
			isa = XCBuildConfiguration;
			buildSettings = {
				ALWAYS_SEARCH_USER_PATHS = NO;
				CLANG_ANALYZER_NONNULL = YES;
				CLANG_ANALYZER_NUMBER_OBJECT_CONVERSION = YES_AGGRESSIVE;
				CLANG_CXX_LANGUAGE_STANDARD = "gnu++0x";
				CLANG_CXX_LIBRARY = "libc++";
				CLANG_ENABLE_MODULES = YES;
				CLANG_ENABLE_OBJC_ARC = YES;
				CLANG_WARN_BOOL_CONVERSION = YES;
				CLANG_WARN_CONSTANT_CONVERSION = YES;
				CLANG_WARN_DIRECT_OBJC_ISA_USAGE = YES_ERROR;
				CLANG_WARN_DOCUMENTATION_COMMENTS = YES;
				CLANG_WARN_EMPTY_BODY = YES;
				CLANG_WARN_ENUM_CONVERSION = YES;
				CLANG_WARN_INFINITE_RECURSION = YES;
				CLANG_WARN_INT_CONVERSION = YES;
				CLANG_WARN_OBJC_ROOT_CLASS = YES_ERROR;
				CLANG_WARN_SUSPICIOUS_MOVE = YES;
				CLANG_WARN_UNREACHABLE_CODE = YES;
				CLANG_WARN__DUPLICATE_METHOD_MATCH = YES;
				"CODE_SIGN_IDENTITY[sdk=iphoneos*]" = "iPhone Developer";
				COPY_PHASE_STRIP = NO;
				DEBUG_INFORMATION_FORMAT = "dwarf-with-dsym";
				ENABLE_NS_ASSERTIONS = NO;
				ENABLE_STRICT_OBJC_MSGSEND = YES;
				GCC_C_LANGUAGE_STANDARD = gnu99;
				GCC_NO_COMMON_BLOCKS = YES;
				GCC_WARN_64_TO_32_BIT_CONVERSION = YES;
				GCC_WARN_ABOUT_RETURN_TYPE = YES_ERROR;
				GCC_WARN_UNDECLARED_SELECTOR = YES;
				GCC_WARN_UNINITIALIZED_AUTOS = YES_AGGRESSIVE;
				GCC_WARN_UNUSED_FUNCTION = YES;
				GCC_WARN_UNUSED_VARIABLE = YES;
				IPHONEOS_DEPLOYMENT_TARGET = 10.3;
				MTL_ENABLE_DEBUG_INFO = NO;
				SDKROOT = iphoneos;
				SWIFT_OPTIMIZATION_LEVEL = "-Owholemodule";
				TARGETED_DEVICE_FAMILY = "1,2";
				VALIDATE_PRODUCT = YES;
			};
			name = Release;
		};
		8DBF98A51F4AB7F800EDA87C /* Debug */ = {
			isa = XCBuildConfiguration;
			buildSettings = {
				ASSETCATALOG_COMPILER_APPICON_NAME = AppIcon;
				DEVELOPMENT_TEAM = 2UWXRNBC4J;
				INFOPLIST_FILE = test/Info.plist;
				LD_RUNPATH_SEARCH_PATHS = "$(inherited) @executable_path/Frameworks";
				PRODUCT_BUNDLE_IDENTIFIER = "com.core.test-nutrition";
				PRODUCT_NAME = "$(TARGET_NAME)";
				SWIFT_VERSION = 3.0;
			};
			name = Debug;
		};
		8DBF98A61F4AB7F800EDA87C /* Release */ = {
			isa = XCBuildConfiguration;
			buildSettings = {
				ASSETCATALOG_COMPILER_APPICON_NAME = AppIcon;
				DEVELOPMENT_TEAM = 2UWXRNBC4J;
				INFOPLIST_FILE = test/Info.plist;
				LD_RUNPATH_SEARCH_PATHS = "$(inherited) @executable_path/Frameworks";
				PRODUCT_BUNDLE_IDENTIFIER = "com.core.test-nutrition";
				PRODUCT_NAME = "$(TARGET_NAME)";
				SWIFT_VERSION = 3.0;
			};
			name = Release;
		};
		8DBF98A81F4AB7F800EDA87C /* Debug */ = {
			isa = XCBuildConfiguration;
			buildSettings = {
				ALWAYS_EMBED_SWIFT_STANDARD_LIBRARIES = YES;
				BUNDLE_LOADER = "$(TEST_HOST)";
				INFOPLIST_FILE = testTests/Info.plist;
				LD_RUNPATH_SEARCH_PATHS = "$(inherited) @executable_path/Frameworks @loader_path/Frameworks";
				PRODUCT_BUNDLE_IDENTIFIER = com.example.testTests;
				PRODUCT_NAME = "$(TARGET_NAME)";
				SWIFT_VERSION = 3.0;
				TEST_HOST = "$(BUILT_PRODUCTS_DIR)/test.app/test";
			};
			name = Debug;
		};
		8DBF98A91F4AB7F800EDA87C /* Release */ = {
			isa = XCBuildConfiguration;
			buildSettings = {
				ALWAYS_EMBED_SWIFT_STANDARD_LIBRARIES = YES;
				BUNDLE_LOADER = "$(TEST_HOST)";
				INFOPLIST_FILE = testTests/Info.plist;
				LD_RUNPATH_SEARCH_PATHS = "$(inherited) @executable_path/Frameworks @loader_path/Frameworks";
				PRODUCT_BUNDLE_IDENTIFIER = com.example.testTests;
				PRODUCT_NAME = "$(TARGET_NAME)";
				SWIFT_VERSION = 3.0;
				TEST_HOST = "$(BUILT_PRODUCTS_DIR)/test.app/test";
			};
			name = Release;
		};
/* End XCBuildConfiguration section */

/* Begin XCConfigurationList section */
		8DBF98821F4AB7F800EDA87C /* Build configuration list for PBXProject "test" */ = {
			isa = XCConfigurationList;
			buildConfigurations = (
				8DBF98A21F4AB7F800EDA87C /* Debug */,
				8DBF98A31F4AB7F800EDA87C /* Release */,
			);
			defaultConfigurationIsVisible = 0;
			defaultConfigurationName = Release;
		};
		8DBF98A41F4AB7F800EDA87C /* Build configuration list for PBXNativeTarget "test" */ = {
			isa = XCConfigurationList;
			buildConfigurations = (
				8DBF98A51F4AB7F800EDA87C /* Debug */,
				8DBF98A61F4AB7F800EDA87C /* Release */,
			);
			defaultConfigurationIsVisible = 0;
			defaultConfigurationName = Release;
		};
		8DBF98A71F4AB7F800EDA87C /* Build configuration list for PBXNativeTarget "testTests" */ = {
			isa = XCConfigurationList;
			buildConfigurations = (
				8DBF98A81F4AB7F800EDA87C /* Debug */,
				8DBF98A91F4AB7F800EDA87C /* Release */,
			);
			defaultConfigurationIsVisible = 0;
			defaultConfigurationName = Release;
		};
/* End XCConfigurationList section */
	};
	rootObject = 8DBF987F1F4AB7F800EDA87C /* Project object */;
}
