// !$*UTF8*$!
{
	archiveVersion = 1;
	classes = {
	};
	objectVersion = 46;
	objects = {

/* Begin PBXBuildFile section */
		8D22D2D11F4D309F00A27597 /* AppDelegate.swift in Sources */ = {isa = PBXBuildFile; fileRef = 8D22D2D01F4D309F00A27597 /* AppDelegate.swift */; };
		8D22D2D31F4D309F00A27597 /* RootViewController.swift in Sources */ = {isa = PBXBuildFile; fileRef = 8D22D2D21F4D309F00A27597 /* RootViewController.swift */; };
		8D22D2D51F4D309F00A27597 /* DataViewController.swift in Sources */ = {isa = PBXBuildFile; fileRef = 8D22D2D41F4D309F00A27597 /* DataViewController.swift */; };
		8D22D2D71F4D309F00A27597 /* ModelController.swift in Sources */ = {isa = PBXBuildFile; fileRef = 8D22D2D61F4D309F00A27597 /* ModelController.swift */; };
		8D22D2DA1F4D309F00A27597 /* Main.storyboard in Resources */ = {isa = PBXBuildFile; fileRef = 8D22D2D81F4D309F00A27597 /* Main.storyboard */; };
		8D22D2DC1F4D309F00A27597 /* Assets.xcassets in Resources */ = {isa = PBXBuildFile; fileRef = 8D22D2DB1F4D309F00A27597 /* Assets.xcassets */; };
		8D22D2DF1F4D309F00A27597 /* LaunchScreen.storyboard in Resources */ = {isa = PBXBuildFile; fileRef = 8D22D2DD1F4D309F00A27597 /* LaunchScreen.storyboard */; };
		8D22D2EA1F4D309F00A27597 /* sdfsdTests.swift in Sources */ = {isa = PBXBuildFile; fileRef = 8D22D2E91F4D309F00A27597 /* sdfsdTests.swift */; };
/* End PBXBuildFile section */

/* Begin PBXContainerItemProxy section */
		8D22D2E61F4D309F00A27597 /* PBXContainerItemProxy */ = {
			isa = PBXContainerItemProxy;
			containerPortal = 8D22D2C51F4D309F00A27597 /* Project object */;
			proxyType = 1;
			remoteGlobalIDString = 8D22D2CC1F4D309F00A27597;
			remoteInfo = sdfsd;
		};
/* End PBXContainerItemProxy section */

/* Begin PBXFileReference section */
		8D22D2CD1F4D309F00A27597 /* sdfsd.app */ = {isa = PBXFileReference; explicitFileType = wrapper.application; includeInIndex = 0; path = sdfsd.app; sourceTree = BUILT_PRODUCTS_DIR; };
		8D22D2D01F4D309F00A27597 /* AppDelegate.swift */ = {isa = PBXFileReference; lastKnownFileType = sourcecode.swift; path = AppDelegate.swift; sourceTree = "<group>"; };
		8D22D2D21F4D309F00A27597 /* RootViewController.swift */ = {isa = PBXFileReference; lastKnownFileType = sourcecode.swift; path = RootViewController.swift; sourceTree = "<group>"; };
		8D22D2D41F4D309F00A27597 /* DataViewController.swift */ = {isa = PBXFileReference; lastKnownFileType = sourcecode.swift; path = DataViewController.swift; sourceTree = "<group>"; };
		8D22D2D61F4D309F00A27597 /* ModelController.swift */ = {isa = PBXFileReference; lastKnownFileType = sourcecode.swift; path = ModelController.swift; sourceTree = "<group>"; };
		8D22D2D91F4D309F00A27597 /* Base */ = {isa = PBXFileReference; lastKnownFileType = file.storyboard; name = Base; path = Base.lproj/Main.storyboard; sourceTree = "<group>"; };
		8D22D2DB1F4D309F00A27597 /* Assets.xcassets */ = {isa = PBXFileReference; lastKnownFileType = folder.assetcatalog; path = Assets.xcassets; sourceTree = "<group>"; };
		8D22D2DE1F4D309F00A27597 /* Base */ = {isa = PBXFileReference; lastKnownFileType = file.storyboard; name = Base; path = Base.lproj/LaunchScreen.storyboard; sourceTree = "<group>"; };
		8D22D2E01F4D309F00A27597 /* Info.plist */ = {isa = PBXFileReference; lastKnownFileType = text.plist.xml; path = Info.plist; sourceTree = "<group>"; };
		8D22D2E51F4D309F00A27597 /* sdfsdTests.xctest */ = {isa = PBXFileReference; explicitFileType = wrapper.cfbundle; includeInIndex = 0; path = sdfsdTests.xctest; sourceTree = BUILT_PRODUCTS_DIR; };
		8D22D2E91F4D309F00A27597 /* sdfsdTests.swift */ = {isa = PBXFileReference; lastKnownFileType = sourcecode.swift; path = sdfsdTests.swift; sourceTree = "<group>"; };
		8D22D2EB1F4D309F00A27597 /* Info.plist */ = {isa = PBXFileReference; lastKnownFileType = text.plist.xml; path = Info.plist; sourceTree = "<group>"; };
/* End PBXFileReference section */

/* Begin PBXFrameworksBuildPhase section */
		8D22D2CA1F4D309F00A27597 /* Frameworks */ = {
			isa = PBXFrameworksBuildPhase;
			buildActionMask = 2147483647;
			files = (
			);
			runOnlyForDeploymentPostprocessing = 0;
		};
		8D22D2E21F4D309F00A27597 /* Frameworks */ = {
			isa = PBXFrameworksBuildPhase;
			buildActionMask = 2147483647;
			files = (
			);
			runOnlyForDeploymentPostprocessing = 0;
		};
/* End PBXFrameworksBuildPhase section */

/* Begin PBXGroup section */
		8D22D2C41F4D309F00A27597 = {
			isa = PBXGroup;
			children = (
				8D22D2CF1F4D309F00A27597 /* sdfsd */,
				8D22D2E81F4D309F00A27597 /* sdfsdTests */,
				8D22D2CE1F4D309F00A27597 /* Products */,
			);
			sourceTree = "<group>";
		};
		8D22D2CE1F4D309F00A27597 /* Products */ = {
			isa = PBXGroup;
			children = (
				8D22D2CD1F4D309F00A27597 /* sdfsd.app */,
				8D22D2E51F4D309F00A27597 /* sdfsdTests.xctest */,
			);
			name = Products;
			sourceTree = "<group>";
		};
		8D22D2CF1F4D309F00A27597 /* sdfsd */ = {
			isa = PBXGroup;
			children = (
				8D22D2D01F4D309F00A27597 /* AppDelegate.swift */,
				8D22D2D21F4D309F00A27597 /* RootViewController.swift */,
				8D22D2D41F4D309F00A27597 /* DataViewController.swift */,
				8D22D2D61F4D309F00A27597 /* ModelController.swift */,
				8D22D2D81F4D309F00A27597 /* Main.storyboard */,
				8D22D2DB1F4D309F00A27597 /* Assets.xcassets */,
				8D22D2DD1F4D309F00A27597 /* LaunchScreen.storyboard */,
				8D22D2E01F4D309F00A27597 /* Info.plist */,
			);
			path = sdfsd;
			sourceTree = "<group>";
		};
		8D22D2E81F4D309F00A27597 /* sdfsdTests */ = {
			isa = PBXGroup;
			children = (
				8D22D2E91F4D309F00A27597 /* sdfsdTests.swift */,
				8D22D2EB1F4D309F00A27597 /* Info.plist */,
			);
			path = sdfsdTests;
			sourceTree = "<group>";
		};
/* End PBXGroup section */

/* Begin PBXNativeTarget section */
		8D22D2CC1F4D309F00A27597 /* sdfsd */ = {
			isa = PBXNativeTarget;
			buildConfigurationList = 8D22D2EE1F4D309F00A27597 /* Build configuration list for PBXNativeTarget "sdfsd" */;
			buildPhases = (
				8D22D2C91F4D309F00A27597 /* Sources */,
				8D22D2CA1F4D309F00A27597 /* Frameworks */,
				8D22D2CB1F4D309F00A27597 /* Resources */,
			);
			buildRules = (
			);
			dependencies = (
			);
			name = sdfsd;
			productName = sdfsd;
			productReference = 8D22D2CD1F4D309F00A27597 /* sdfsd.app */;
			productType = "com.apple.product-type.application";
		};
		8D22D2E41F4D309F00A27597 /* sdfsdTests */ = {
			isa = PBXNativeTarget;
			buildConfigurationList = 8D22D2F11F4D309F00A27597 /* Build configuration list for PBXNativeTarget "sdfsdTests" */;
			buildPhases = (
				8D22D2E11F4D309F00A27597 /* Sources */,
				8D22D2E21F4D309F00A27597 /* Frameworks */,
				8D22D2E31F4D309F00A27597 /* Resources */,
			);
			buildRules = (
			);
			dependencies = (
				8D22D2E71F4D309F00A27597 /* PBXTargetDependency */,
			);
			name = sdfsdTests;
			productName = sdfsdTests;
			productReference = 8D22D2E51F4D309F00A27597 /* sdfsdTests.xctest */;
			productType = "com.apple.product-type.bundle.unit-test";
		};
/* End PBXNativeTarget section */

/* Begin PBXProject section */
		8D22D2C51F4D309F00A27597 /* Project object */ = {
			isa = PBXProject;
			attributes = {
				LastSwiftUpdateCheck = 0830;
				LastUpgradeCheck = 0830;
				ORGANIZATIONNAME = "Jack Ye";
				TargetAttributes = {
					8D22D2CC1F4D309F00A27597 = {
						CreatedOnToolsVersion = 8.3.3;
						ProvisioningStyle = Automatic;
					};
					8D22D2E41F4D309F00A27597 = {
						CreatedOnToolsVersion = 8.3.3;
						ProvisioningStyle = Automatic;
						TestTargetID = 8D22D2CC1F4D309F00A27597;
					};
				};
			};
			buildConfigurationList = 8D22D2C81F4D309F00A27597 /* Build configuration list for PBXProject "sdfsd" */;
			compatibilityVersion = "Xcode 3.2";
			developmentRegion = English;
			hasScannedForEncodings = 0;
			knownRegions = (
				en,
				Base,
			);
			mainGroup = 8D22D2C41F4D309F00A27597;
			productRefGroup = 8D22D2CE1F4D309F00A27597 /* Products */;
			projectDirPath = "";
			projectRoot = "";
			targets = (
				8D22D2CC1F4D309F00A27597 /* sdfsd */,
				8D22D2E41F4D309F00A27597 /* sdfsdTests */,
			);
		};
/* End PBXProject section */

/* Begin PBXResourcesBuildPhase section */
		8D22D2CB1F4D309F00A27597 /* Resources */ = {
			isa = PBXResourcesBuildPhase;
			buildActionMask = 2147483647;
			files = (
				8D22D2DF1F4D309F00A27597 /* LaunchScreen.storyboard in Resources */,
				8D22D2DC1F4D309F00A27597 /* Assets.xcassets in Resources */,
				8D22D2DA1F4D309F00A27597 /* Main.storyboard in Resources */,
			);
			runOnlyForDeploymentPostprocessing = 0;
		};
		8D22D2E31F4D309F00A27597 /* Resources */ = {
			isa = PBXResourcesBuildPhase;
			buildActionMask = 2147483647;
			files = (
			);
			runOnlyForDeploymentPostprocessing = 0;
		};
/* End PBXResourcesBuildPhase section */

/* Begin PBXSourcesBuildPhase section */
		8D22D2C91F4D309F00A27597 /* Sources */ = {
			isa = PBXSourcesBuildPhase;
			buildActionMask = 2147483647;
			files = (
				8D22D2D31F4D309F00A27597 /* RootViewController.swift in Sources */,
				8D22D2D71F4D309F00A27597 /* ModelController.swift in Sources */,
				8D22D2D51F4D309F00A27597 /* DataViewController.swift in Sources */,
				8D22D2D11F4D309F00A27597 /* AppDelegate.swift in Sources */,
			);
			runOnlyForDeploymentPostprocessing = 0;
		};
		8D22D2E11F4D309F00A27597 /* Sources */ = {
			isa = PBXSourcesBuildPhase;
			buildActionMask = 2147483647;
			files = (
				8D22D2EA1F4D309F00A27597 /* sdfsdTests.swift in Sources */,
			);
			runOnlyForDeploymentPostprocessing = 0;
		};
/* End PBXSourcesBuildPhase section */

/* Begin PBXTargetDependency section */
		8D22D2E71F4D309F00A27597 /* PBXTargetDependency */ = {
			isa = PBXTargetDependency;
			target = 8D22D2CC1F4D309F00A27597 /* sdfsd */;
			targetProxy = 8D22D2E61F4D309F00A27597 /* PBXContainerItemProxy */;
		};
/* End PBXTargetDependency section */

/* Begin PBXVariantGroup section */
		8D22D2D81F4D309F00A27597 /* Main.storyboard */ = {
			isa = PBXVariantGroup;
			children = (
				8D22D2D91F4D309F00A27597 /* Base */,
			);
			name = Main.storyboard;
			sourceTree = "<group>";
		};
		8D22D2DD1F4D309F00A27597 /* LaunchScreen.storyboard */ = {
			isa = PBXVariantGroup;
			children = (
				8D22D2DE1F4D309F00A27597 /* Base */,
			);
			name = LaunchScreen.storyboard;
			sourceTree = "<group>";
		};
/* End PBXVariantGroup section */

/* Begin XCBuildConfiguration section */
		8D22D2EC1F4D309F00A27597 /* Debug */ = {
			isa = XCBuildConfiguration;
			buildSettings = {
				ALWAYS_SEARCH_USER_PATHS = NO;
				CLANG_ANALYZER_NONNULL = YES;
				CLANG_ANALYZER_NUMBER_OBJECT_CONVERSION = YES_AGGRESSIVE;
				CLANG_CXX_LANGUAGE_STANDARD = "gnu++0x";
				CLANG_CXX_LIBRARY = "libc++";
				CLANG_ENABLE_MODULES = YES;
				CLANG_ENABLE_OBJC_ARC = YES;
				CLANG_WARN_BOOL_CONVERSION = YES;
				CLANG_WARN_CONSTANT_CONVERSION = YES;
				CLANG_WARN_DIRECT_OBJC_ISA_USAGE = YES_ERROR;
				CLANG_WARN_DOCUMENTATION_COMMENTS = YES;
				CLANG_WARN_EMPTY_BODY = YES;
				CLANG_WARN_ENUM_CONVERSION = YES;
				CLANG_WARN_INFINITE_RECURSION = YES;
				CLANG_WARN_INT_CONVERSION = YES;
				CLANG_WARN_OBJC_ROOT_CLASS = YES_ERROR;
				CLANG_WARN_SUSPICIOUS_MOVE = YES;
				CLANG_WARN_UNREACHABLE_CODE = YES;
				CLANG_WARN__DUPLICATE_METHOD_MATCH = YES;
				"CODE_SIGN_IDENTITY[sdk=iphoneos*]" = "iPhone Developer";
				COPY_PHASE_STRIP = NO;
				DEBUG_INFORMATION_FORMAT = dwarf;
				ENABLE_STRICT_OBJC_MSGSEND = YES;
				ENABLE_TESTABILITY = YES;
				GCC_C_LANGUAGE_STANDARD = gnu99;
				GCC_DYNAMIC_NO_PIC = NO;
				GCC_NO_COMMON_BLOCKS = YES;
				GCC_OPTIMIZATION_LEVEL = 0;
				GCC_PREPROCESSOR_DEFINITIONS = (
					"DEBUG=1",
					"$(inherited)",
				);
				GCC_WARN_64_TO_32_BIT_CONVERSION = YES;
				GCC_WARN_ABOUT_RETURN_TYPE = YES_ERROR;
				GCC_WARN_UNDECLARED_SELECTOR = YES;
				GCC_WARN_UNINITIALIZED_AUTOS = YES_AGGRESSIVE;
				GCC_WARN_UNUSED_FUNCTION = YES;
				GCC_WARN_UNUSED_VARIABLE = YES;
				IPHONEOS_DEPLOYMENT_TARGET = 10.3;
				MTL_ENABLE_DEBUG_INFO = YES;
				ONLY_ACTIVE_ARCH = YES;
				SDKROOT = iphoneos;
				SWIFT_ACTIVE_COMPILATION_CONDITIONS = DEBUG;
				SWIFT_OPTIMIZATION_LEVEL = "-Onone";
				TARGETED_DEVICE_FAMILY = "1,2";
			};
			name = Debug;
		};
		8D22D2ED1F4D309F00A27597 /* Release */ = {
			isa = XCBuildConfiguration;
			buildSettings = {
				ALWAYS_SEARCH_USER_PATHS = NO;
				CLANG_ANALYZER_NONNULL = YES;
				CLANG_ANALYZER_NUMBER_OBJECT_CONVERSION = YES_AGGRESSIVE;
				CLANG_CXX_LANGUAGE_STANDARD = "gnu++0x";
				CLANG_CXX_LIBRARY = "libc++";
				CLANG_ENABLE_MODULES = YES;
				CLANG_ENABLE_OBJC_ARC = YES;
				CLANG_WARN_BOOL_CONVERSION = YES;
				CLANG_WARN_CONSTANT_CONVERSION = YES;
				CLANG_WARN_DIRECT_OBJC_ISA_USAGE = YES_ERROR;
				CLANG_WARN_DOCUMENTATION_COMMENTS = YES;
				CLANG_WARN_EMPTY_BODY = YES;
				CLANG_WARN_ENUM_CONVERSION = YES;
				CLANG_WARN_INFINITE_RECURSION = YES;
				CLANG_WARN_INT_CONVERSION = YES;
				CLANG_WARN_OBJC_ROOT_CLASS = YES_ERROR;
				CLANG_WARN_SUSPICIOUS_MOVE = YES;
				CLANG_WARN_UNREACHABLE_CODE = YES;
				CLANG_WARN__DUPLICATE_METHOD_MATCH = YES;
				"CODE_SIGN_IDENTITY[sdk=iphoneos*]" = "iPhone Developer";
				COPY_PHASE_STRIP = NO;
				DEBUG_INFORMATION_FORMAT = "dwarf-with-dsym";
				ENABLE_NS_ASSERTIONS = NO;
				ENABLE_STRICT_OBJC_MSGSEND = YES;
				GCC_C_LANGUAGE_STANDARD = gnu99;
				GCC_NO_COMMON_BLOCKS = YES;
				GCC_WARN_64_TO_32_BIT_CONVERSION = YES;
				GCC_WARN_ABOUT_RETURN_TYPE = YES_ERROR;
				GCC_WARN_UNDECLARED_SELECTOR = YES;
				GCC_WARN_UNINITIALIZED_AUTOS = YES_AGGRESSIVE;
				GCC_WARN_UNUSED_FUNCTION = YES;
				GCC_WARN_UNUSED_VARIABLE = YES;
				IPHONEOS_DEPLOYMENT_TARGET = 10.3;
				MTL_ENABLE_DEBUG_INFO = NO;
				SDKROOT = iphoneos;
				SWIFT_OPTIMIZATION_LEVEL = "-Owholemodule";
				TARGETED_DEVICE_FAMILY = "1,2";
				VALIDATE_PRODUCT = YES;
			};
			name = Release;
		};
		8D22D2EF1F4D309F00A27597 /* Debug */ = {
			isa = XCBuildConfiguration;
			buildSettings = {
				ASSETCATALOG_COMPILER_APPICON_NAME = AppIcon;
				INFOPLIST_FILE = sdfsd/Info.plist;
				LD_RUNPATH_SEARCH_PATHS = "$(inherited) @executable_path/Frameworks";
				PRODUCT_BUNDLE_IDENTIFIER = com.example.sdfsd;
				PRODUCT_NAME = "$(TARGET_NAME)";
				SWIFT_VERSION = 3.0;
			};
			name = Debug;
		};
		8D22D2F01F4D309F00A27597 /* Release */ = {
			isa = XCBuildConfiguration;
			buildSettings = {
				ASSETCATALOG_COMPILER_APPICON_NAME = AppIcon;
				INFOPLIST_FILE = sdfsd/Info.plist;
				LD_RUNPATH_SEARCH_PATHS = "$(inherited) @executable_path/Frameworks";
				PRODUCT_BUNDLE_IDENTIFIER = com.example.sdfsd;
				PRODUCT_NAME = "$(TARGET_NAME)";
				SWIFT_VERSION = 3.0;
			};
			name = Release;
		};
		8D22D2F21F4D309F00A27597 /* Debug */ = {
			isa = XCBuildConfiguration;
			buildSettings = {
				ALWAYS_EMBED_SWIFT_STANDARD_LIBRARIES = YES;
				BUNDLE_LOADER = "$(TEST_HOST)";
				INFOPLIST_FILE = sdfsdTests/Info.plist;
				LD_RUNPATH_SEARCH_PATHS = "$(inherited) @executable_path/Frameworks @loader_path/Frameworks";
				PRODUCT_BUNDLE_IDENTIFIER = com.example.sdfsdTests;
				PRODUCT_NAME = "$(TARGET_NAME)";
				SWIFT_VERSION = 3.0;
				TEST_HOST = "$(BUILT_PRODUCTS_DIR)/sdfsd.app/sdfsd";
			};
			name = Debug;
		};
		8D22D2F31F4D309F00A27597 /* Release */ = {
			isa = XCBuildConfiguration;
			buildSettings = {
				ALWAYS_EMBED_SWIFT_STANDARD_LIBRARIES = YES;
				BUNDLE_LOADER = "$(TEST_HOST)";
				INFOPLIST_FILE = sdfsdTests/Info.plist;
				LD_RUNPATH_SEARCH_PATHS = "$(inherited) @executable_path/Frameworks @loader_path/Frameworks";
				PRODUCT_BUNDLE_IDENTIFIER = com.example.sdfsdTests;
				PRODUCT_NAME = "$(TARGET_NAME)";
				SWIFT_VERSION = 3.0;
				TEST_HOST = "$(BUILT_PRODUCTS_DIR)/sdfsd.app/sdfsd";
			};
			name = Release;
		};
/* End XCBuildConfiguration section */

/* Begin XCConfigurationList section */
		8D22D2C81F4D309F00A27597 /* Build configuration list for PBXProject "sdfsd" */ = {
			isa = XCConfigurationList;
			buildConfigurations = (
				8D22D2EC1F4D309F00A27597 /* Debug */,
				8D22D2ED1F4D309F00A27597 /* Release */,
			);
			defaultConfigurationIsVisible = 0;
			defaultConfigurationName = Release;
		};
		8D22D2EE1F4D309F00A27597 /* Build configuration list for PBXNativeTarget "sdfsd" */ = {
			isa = XCConfigurationList;
			buildConfigurations = (
				8D22D2EF1F4D309F00A27597 /* Debug */,
				8D22D2F01F4D309F00A27597 /* Release */,
			);
			defaultConfigurationIsVisible = 0;
		};
		8D22D2F11F4D309F00A27597 /* Build configuration list for PBXNativeTarget "sdfsdTests" */ = {
			isa = XCConfigurationList;
			buildConfigurations = (
				8D22D2F21F4D309F00A27597 /* Debug */,
				8D22D2F31F4D309F00A27597 /* Release */,
			);
			defaultConfigurationIsVisible = 0;
		};
/* End XCConfigurationList section */
	};
	rootObject = 8D22D2C51F4D309F00A27597 /* Project object */;
}
